{"1.2.0",
[{<<"http">>,{pkg,<<"lfe_http">>,<<"0.5.4">>},0},
 {<<"lfe">>,{pkg,<<"lfe">>,<<"2.1.3">>},0},
 {<<"logjam">>,{pkg,<<"logjam">>,<<"1.2.4">>},0},
 {<<"yuri">>,{pkg,<<"lfe_yuri">>,<<"0.3.2">>},1}]}.
[
{pkg_hash,[
 {<<"http">>, <<"45007639194341AAE434D534E0621F3358474B4F741A88B33C4154D39A8D6E77">>},
 {<<"lfe">>, <<"6EFCB2BBC1FFC21DC5D1C092F00EFDB397EAC889474AC5C86EDF78A3557CC730">>},
 {<<"logjam">>, <<"86D5A747575832A5401572BD35442EB805C824036BDC68AED520137B94ACF42B">>},
 {<<"yuri">>, <<"09F53700B488C4189D8BCD7D9F07E47BEC15E571248C68BF21631B92BB4D7A5E">>}]},
{pkg_hash_ext,[
 {<<"http">>, <<"33C64B2783DA89CDD7C4F022867865B8AD65F555DD6E938468B2B9AD6032017B">>},
 {<<"lfe">>, <<"4E4BAD515A169AE418FEB7374EA1C8D741FAEA9D95E266CE343B45BCC377F55B">>},
 {<<"logjam">>, <<"F05736B1AF65DB8D9605DDACF2499ECFE2A2C9CE6B5EADFD5FB458EF5E596DB3">>},
 {<<"yuri">>, <<"44599A3A418A20BD8E9E890DA54978B4AD0B93639B849C4F3CEFCF9E99805DC0">>}]}
].
