{"1.2.0",
[{<<"http">>,{pkg,<<"lfe_http">>,<<"0.5.0">>},0},
 {<<"lfe">>,{pkg,<<"lfe">>,<<"2.1.3">>},0},
 {<<"lfe_http">>,{pkg,<<"lfe_http">>,<<"0.3.0">>},0},
 {<<"logjam">>,{pkg,<<"logjam">>,<<"1.2.3">>},0},
 {<<"yuri">>,{pkg,<<"lfe_yuri">>,<<"0.3.1">>},1}]}.
[
{pkg_hash,[
 {<<"http">>, <<"D5FEF435F3EE8A038310BE703AEE08834D5C7D0D2B22D751266A52C3052C0515">>},
 {<<"lfe">>, <<"6EFCB2BBC1FFC21DC5D1C092F00EFDB397EAC889474AC5C86EDF78A3557CC730">>},
 {<<"lfe_http">>, <<"9C4834908B2DC7A668C7C7CED0631046AC9A577ED96AC76F90413B67D1988736">>},
 {<<"logjam">>, <<"C17DAB51716DEECDCA5CF7DEDEA033CA8E26834C3A6AEBAEA27B203C083DB403">>},
 {<<"yuri">>, <<"E1EB168AFF4F8EC48B57C23A1AE97A50B5F0EEB71C9F6B263EE8F894169B62FD">>}]},
{pkg_hash_ext,[
 {<<"http">>, <<"719EAD2027E0A1895A6265A62D3DCC5FA3465FDE3CB73FA0C9A66B9E76C1138A">>},
 {<<"lfe">>, <<"4E4BAD515A169AE418FEB7374EA1C8D741FAEA9D95E266CE343B45BCC377F55B">>},
 {<<"lfe_http">>, <<"05271DE56CDF9F970EB25F87D81B96E203B03C283BAF0CF307019360D3927642">>},
 {<<"logjam">>, <<"61B8C328BB18E103CE8B409A6C706274553787E2D3C322C45C7584C9C0B58835">>},
 {<<"yuri">>, <<"D8FD8F1342325DB1DBEA4FD1F9054CE9C2CEEAB90C496E3A2D5C25B8A43C7FD3">>}]}
].
